// !$*UTF8*$!
{
	archiveVersion = 1;
	classes = {
	};
	objectVersion = 56;
	objects = {

/* Begin PBXBuildFile section */
		F455FDB32C05F4F5005C2E2A /* Articles.framework in Frameworks */ = {isa = PBXBuildFile; fileRef = F455FDA12C05F46C005C2E2A /* Articles.framework */; };
		F455FDBA2C05F647005C2E2A /* ArticleItem.swift in Sources */ = {isa = PBXBuildFile; fileRef = F455FDB92C05F647005C2E2A /* ArticleItem.swift */; };
		F455FDBC2C05F859005C2E2A /* ArticleLoader.swift in Sources */ = {isa = PBXBuildFile; fileRef = F455FDBB2C05F859005C2E2A /* ArticleLoader.swift */; };
		F455FDBF2C05F9E1005C2E2A /* RemoteArticlesLoaderTests.swift in Sources */ = {isa = PBXBuildFile; fileRef = F455FDBE2C05F9E1005C2E2A /* RemoteArticlesLoaderTests.swift */; };
		F455FDC32C060171005C2E2A /* RemoteArticlesLoader.swift in Sources */ = {isa = PBXBuildFile; fileRef = F455FDC22C060171005C2E2A /* RemoteArticlesLoader.swift */; };
		F455FDC72C0771A2005C2E2A /* ArticleItemsMapper.swift in Sources */ = {isa = PBXBuildFile; fileRef = F455FDC62C0771A2005C2E2A /* ArticleItemsMapper.swift */; };
		F455FDCE2C089620005C2E2A /* HTTPClient.swift in Sources */ = {isa = PBXBuildFile; fileRef = F455FDCD2C089620005C2E2A /* HTTPClient.swift */; };
		F455FDD32C0B494B005C2E2A /* URLSessionHTTPClientTests.swift in Sources */ = {isa = PBXBuildFile; fileRef = F455FDD22C0B494B005C2E2A /* URLSessionHTTPClientTests.swift */; };
/* End PBXBuildFile section */

/* Begin PBXContainerItemProxy section */
		F455FDB42C05F4F5005C2E2A /* PBXContainerItemProxy */ = {
			isa = PBXContainerItemProxy;
			containerPortal = F455FD982C05F46C005C2E2A /* Project object */;
			proxyType = 1;
			remoteGlobalIDString = F455FDA02C05F46C005C2E2A;
			remoteInfo = Articles;
		};
/* End PBXContainerItemProxy section */

/* Begin PBXFileReference section */
		F455FDA12C05F46C005C2E2A /* Articles.framework */ = {isa = PBXFileReference; explicitFileType = wrapper.framework; includeInIndex = 0; path = Articles.framework; sourceTree = BUILT_PRODUCTS_DIR; };
		F455FDAF2C05F4F5005C2E2A /* ArticlesTests.xctest */ = {isa = PBXFileReference; explicitFileType = wrapper.cfbundle; includeInIndex = 0; path = ArticlesTests.xctest; sourceTree = BUILT_PRODUCTS_DIR; };
		F455FDB92C05F647005C2E2A /* ArticleItem.swift */ = {isa = PBXFileReference; lastKnownFileType = sourcecode.swift; path = ArticleItem.swift; sourceTree = "<group>"; };
		F455FDBB2C05F859005C2E2A /* ArticleLoader.swift */ = {isa = PBXFileReference; lastKnownFileType = sourcecode.swift; path = ArticleLoader.swift; sourceTree = "<group>"; };
		F455FDBE2C05F9E1005C2E2A /* RemoteArticlesLoaderTests.swift */ = {isa = PBXFileReference; lastKnownFileType = sourcecode.swift; path = RemoteArticlesLoaderTests.swift; sourceTree = "<group>"; };
		F455FDC02C05FA21005C2E2A /* Articles.xctestplan */ = {isa = PBXFileReference; lastKnownFileType = text; path = Articles.xctestplan; sourceTree = "<group>"; };
		F455FDC22C060171005C2E2A /* RemoteArticlesLoader.swift */ = {isa = PBXFileReference; lastKnownFileType = sourcecode.swift; path = RemoteArticlesLoader.swift; sourceTree = "<group>"; };
		F455FDC62C0771A2005C2E2A /* ArticleItemsMapper.swift */ = {isa = PBXFileReference; lastKnownFileType = sourcecode.swift; path = ArticleItemsMapper.swift; sourceTree = "<group>"; };
		F455FDCD2C089620005C2E2A /* HTTPClient.swift */ = {isa = PBXFileReference; lastKnownFileType = sourcecode.swift; path = HTTPClient.swift; sourceTree = "<group>"; };
		F455FDD22C0B494B005C2E2A /* URLSessionHTTPClientTests.swift */ = {isa = PBXFileReference; lastKnownFileType = sourcecode.swift; path = URLSessionHTTPClientTests.swift; sourceTree = "<group>"; };
/* End PBXFileReference section */

/* Begin PBXFrameworksBuildPhase section */
		F455FD9E2C05F46C005C2E2A /* Frameworks */ = {
			isa = PBXFrameworksBuildPhase;
			buildActionMask = 2147483647;
			files = (
			);
			runOnlyForDeploymentPostprocessing = 0;
		};
		F455FDAC2C05F4F5005C2E2A /* Frameworks */ = {
			isa = PBXFrameworksBuildPhase;
			buildActionMask = 2147483647;
			files = (
				F455FDB32C05F4F5005C2E2A /* Articles.framework in Frameworks */,
			);
			runOnlyForDeploymentPostprocessing = 0;
		};
/* End PBXFrameworksBuildPhase section */

/* Begin PBXGroup section */
		F455FD972C05F46C005C2E2A = {
			isa = PBXGroup;
			children = (
				F455FDA32C05F46C005C2E2A /* Articles */,
				F455FDB02C05F4F5005C2E2A /* ArticlesTests */,
				F455FDA22C05F46C005C2E2A /* Products */,
			);
			sourceTree = "<group>";
		};
		F455FDA22C05F46C005C2E2A /* Products */ = {
			isa = PBXGroup;
			children = (
				F455FDA12C05F46C005C2E2A /* Articles.framework */,
				F455FDAF2C05F4F5005C2E2A /* ArticlesTests.xctest */,
			);
			name = Products;
			sourceTree = "<group>";
		};
		F455FDA32C05F46C005C2E2A /* Articles */ = {
			isa = PBXGroup;
			children = (
				F455FDC12C060164005C2E2A /* Articles API */,
				F455FDBD2C05F8F2005C2E2A /* Articles Feature */,
			);
			path = Articles;
			sourceTree = "<group>";
		};
		F455FDB02C05F4F5005C2E2A /* ArticlesTests */ = {
			isa = PBXGroup;
			children = (
				F455FDC02C05FA21005C2E2A /* Articles.xctestplan */,
				F455FDCF2C089ACC005C2E2A /* Articles API */,
			);
			path = ArticlesTests;
			sourceTree = "<group>";
		};
		F455FDBD2C05F8F2005C2E2A /* Articles Feature */ = {
			isa = PBXGroup;
			children = (
				F455FDB92C05F647005C2E2A /* ArticleItem.swift */,
				F455FDBB2C05F859005C2E2A /* ArticleLoader.swift */,
			);
			path = "Articles Feature";
			sourceTree = "<group>";
		};
		F455FDC12C060164005C2E2A /* Articles API */ = {
			isa = PBXGroup;
			children = (
				F455FDC22C060171005C2E2A /* RemoteArticlesLoader.swift */,
				F455FDCD2C089620005C2E2A /* HTTPClient.swift */,
				F455FDC62C0771A2005C2E2A /* ArticleItemsMapper.swift */,
			);
			path = "Articles API";
			sourceTree = "<group>";
		};
		F455FDCF2C089ACC005C2E2A /* Articles API */ = {
			isa = PBXGroup;
			children = (
				F455FDBE2C05F9E1005C2E2A /* RemoteArticlesLoaderTests.swift */,
				F455FDD22C0B494B005C2E2A /* URLSessionHTTPClientTests.swift */,
			);
			path = "Articles API";
			sourceTree = "<group>";
		};
/* End PBXGroup section */

/* Begin PBXHeadersBuildPhase section */
		F455FD9C2C05F46C005C2E2A /* Headers */ = {
			isa = PBXHeadersBuildPhase;
			buildActionMask = 2147483647;
			files = (
			);
			runOnlyForDeploymentPostprocessing = 0;
		};
/* End PBXHeadersBuildPhase section */

/* Begin PBXNativeTarget section */
		F455FDA02C05F46C005C2E2A /* Articles */ = {
			isa = PBXNativeTarget;
			buildConfigurationList = F455FDA82C05F46C005C2E2A /* Build configuration list for PBXNativeTarget "Articles" */;
			buildPhases = (
				F455FD9C2C05F46C005C2E2A /* Headers */,
				F455FD9D2C05F46C005C2E2A /* Sources */,
				F455FD9E2C05F46C005C2E2A /* Frameworks */,
				F455FD9F2C05F46C005C2E2A /* Resources */,
			);
			buildRules = (
			);
			dependencies = (
			);
			name = Articles;
			productName = Articles;
			productReference = F455FDA12C05F46C005C2E2A /* Articles.framework */;
			productType = "com.apple.product-type.framework";
		};
		F455FDAE2C05F4F5005C2E2A /* ArticlesTests */ = {
			isa = PBXNativeTarget;
			buildConfigurationList = F455FDB62C05F4F5005C2E2A /* Build configuration list for PBXNativeTarget "ArticlesTests" */;
			buildPhases = (
				F455FDAB2C05F4F5005C2E2A /* Sources */,
				F455FDAC2C05F4F5005C2E2A /* Frameworks */,
				F455FDAD2C05F4F5005C2E2A /* Resources */,
			);
			buildRules = (
			);
			dependencies = (
				F455FDB52C05F4F5005C2E2A /* PBXTargetDependency */,
			);
			name = ArticlesTests;
			productName = ArticlesTests;
			productReference = F455FDAF2C05F4F5005C2E2A /* ArticlesTests.xctest */;
			productType = "com.apple.product-type.bundle.unit-test";
		};
/* End PBXNativeTarget section */

/* Begin PBXProject section */
		F455FD982C05F46C005C2E2A /* Project object */ = {
			isa = PBXProject;
			attributes = {
				BuildIndependentTargetsInParallel = 1;
				LastSwiftUpdateCheck = 1540;
				LastUpgradeCheck = 1540;
				TargetAttributes = {
					F455FDA02C05F46C005C2E2A = {
						CreatedOnToolsVersion = 15.4;
						LastSwiftMigration = 1540;
					};
					F455FDAE2C05F4F5005C2E2A = {
						CreatedOnToolsVersion = 15.4;
						LastSwiftMigration = 1540;
					};
				};
			};
			buildConfigurationList = F455FD9B2C05F46C005C2E2A /* Build configuration list for PBXProject "Articles" */;
			compatibilityVersion = "Xcode 14.0";
			developmentRegion = en;
			hasScannedForEncodings = 0;
			knownRegions = (
				en,
				Base,
			);
			mainGroup = F455FD972C05F46C005C2E2A;
			productRefGroup = F455FDA22C05F46C005C2E2A /* Products */;
			projectDirPath = "";
			projectRoot = "";
			targets = (
				F455FDA02C05F46C005C2E2A /* Articles */,
				F455FDAE2C05F4F5005C2E2A /* ArticlesTests */,
			);
		};
/* End PBXProject section */

/* Begin PBXResourcesBuildPhase section */
		F455FD9F2C05F46C005C2E2A /* Resources */ = {
			isa = PBXResourcesBuildPhase;
			buildActionMask = 2147483647;
			files = (
			);
			runOnlyForDeploymentPostprocessing = 0;
		};
		F455FDAD2C05F4F5005C2E2A /* Resources */ = {
			isa = PBXResourcesBuildPhase;
			buildActionMask = 2147483647;
			files = (
			);
			runOnlyForDeploymentPostprocessing = 0;
		};
/* End PBXResourcesBuildPhase section */

/* Begin PBXSourcesBuildPhase section */
		F455FD9D2C05F46C005C2E2A /* Sources */ = {
			isa = PBXSourcesBuildPhase;
			buildActionMask = 2147483647;
			files = (
				F455FDBA2C05F647005C2E2A /* ArticleItem.swift in Sources */,
				F455FDCE2C089620005C2E2A /* HTTPClient.swift in Sources */,
				F455FDC32C060171005C2E2A /* RemoteArticlesLoader.swift in Sources */,
				F455FDC72C0771A2005C2E2A /* ArticleItemsMapper.swift in Sources */,
				F455FDBC2C05F859005C2E2A /* ArticleLoader.swift in Sources */,
			);
			runOnlyForDeploymentPostprocessing = 0;
		};
		F455FDAB2C05F4F5005C2E2A /* Sources */ = {
			isa = PBXSourcesBuildPhase;
			buildActionMask = 2147483647;
			files = (
				F455FDBF2C05F9E1005C2E2A /* RemoteArticlesLoaderTests.swift in Sources */,
				F455FDD32C0B494B005C2E2A /* URLSessionHTTPClientTests.swift in Sources */,
			);
			runOnlyForDeploymentPostprocessing = 0;
		};
/* End PBXSourcesBuildPhase section */

/* Begin PBXTargetDependency section */
		F455FDB52C05F4F5005C2E2A /* PBXTargetDependency */ = {
			isa = PBXTargetDependency;
			target = F455FDA02C05F46C005C2E2A /* Articles */;
			targetProxy = F455FDB42C05F4F5005C2E2A /* PBXContainerItemProxy */;
		};
/* End PBXTargetDependency section */

/* Begin XCBuildConfiguration section */
		F455FDA62C05F46C005C2E2A /* Debug */ = {
			isa = XCBuildConfiguration;
			buildSettings = {
				ALWAYS_SEARCH_USER_PATHS = NO;
				ASSETCATALOG_COMPILER_GENERATE_SWIFT_ASSET_SYMBOL_EXTENSIONS = YES;
				CLANG_ANALYZER_NONNULL = YES;
				CLANG_ANALYZER_NUMBER_OBJECT_CONVERSION = YES_AGGRESSIVE;
				CLANG_CXX_LANGUAGE_STANDARD = "gnu++20";
				CLANG_ENABLE_MODULES = YES;
				CLANG_ENABLE_OBJC_ARC = YES;
				CLANG_ENABLE_OBJC_WEAK = YES;
				CLANG_WARN_BLOCK_CAPTURE_AUTORELEASING = YES;
				CLANG_WARN_BOOL_CONVERSION = YES;
				CLANG_WARN_COMMA = YES;
				CLANG_WARN_CONSTANT_CONVERSION = YES;
				CLANG_WARN_DEPRECATED_OBJC_IMPLEMENTATIONS = YES;
				CLANG_WARN_DIRECT_OBJC_ISA_USAGE = YES_ERROR;
				CLANG_WARN_DOCUMENTATION_COMMENTS = YES;
				CLANG_WARN_EMPTY_BODY = YES;
				CLANG_WARN_ENUM_CONVERSION = YES;
				CLANG_WARN_INFINITE_RECURSION = YES;
				CLANG_WARN_INT_CONVERSION = YES;
				CLANG_WARN_NON_LITERAL_NULL_CONVERSION = YES;
				CLANG_WARN_OBJC_IMPLICIT_RETAIN_SELF = YES;
				CLANG_WARN_OBJC_LITERAL_CONVERSION = YES;
				CLANG_WARN_OBJC_ROOT_CLASS = YES_ERROR;
				CLANG_WARN_QUOTED_INCLUDE_IN_FRAMEWORK_HEADER = YES;
				CLANG_WARN_RANGE_LOOP_ANALYSIS = YES;
				CLANG_WARN_STRICT_PROTOTYPES = YES;
				CLANG_WARN_SUSPICIOUS_MOVE = YES;
				CLANG_WARN_UNGUARDED_AVAILABILITY = YES_AGGRESSIVE;
				CLANG_WARN_UNREACHABLE_CODE = YES;
				CLANG_WARN__DUPLICATE_METHOD_MATCH = YES;
				COPY_PHASE_STRIP = NO;
				CURRENT_PROJECT_VERSION = 1;
				DEBUG_INFORMATION_FORMAT = dwarf;
				ENABLE_STRICT_OBJC_MSGSEND = YES;
				ENABLE_TESTABILITY = YES;
				ENABLE_USER_SCRIPT_SANDBOXING = YES;
				GCC_C_LANGUAGE_STANDARD = gnu17;
				GCC_DYNAMIC_NO_PIC = NO;
				GCC_NO_COMMON_BLOCKS = YES;
				GCC_OPTIMIZATION_LEVEL = 0;
				GCC_PREPROCESSOR_DEFINITIONS = (
					"DEBUG=1",
					"$(inherited)",
				);
				GCC_WARN_64_TO_32_BIT_CONVERSION = YES;
				GCC_WARN_ABOUT_RETURN_TYPE = YES_ERROR;
				GCC_WARN_UNDECLARED_SELECTOR = YES;
				GCC_WARN_UNINITIALIZED_AUTOS = YES_AGGRESSIVE;
				GCC_WARN_UNUSED_FUNCTION = YES;
				GCC_WARN_UNUSED_VARIABLE = YES;
				LOCALIZATION_PREFERS_STRING_CATALOGS = YES;
				MACOSX_DEPLOYMENT_TARGET = 14.5;
				MTL_ENABLE_DEBUG_INFO = INCLUDE_SOURCE;
				MTL_FAST_MATH = YES;
				ONLY_ACTIVE_ARCH = YES;
				SDKROOT = macosx;
				SWIFT_ACTIVE_COMPILATION_CONDITIONS = "DEBUG $(inherited)";
				SWIFT_OPTIMIZATION_LEVEL = "-Onone";
				VERSIONING_SYSTEM = "apple-generic";
				VERSION_INFO_PREFIX = "";
			};
			name = Debug;
		};
		F455FDA72C05F46C005C2E2A /* Release */ = {
			isa = XCBuildConfiguration;
			buildSettings = {
				ALWAYS_SEARCH_USER_PATHS = NO;
				ASSETCATALOG_COMPILER_GENERATE_SWIFT_ASSET_SYMBOL_EXTENSIONS = YES;
				CLANG_ANALYZER_NONNULL = YES;
				CLANG_ANALYZER_NUMBER_OBJECT_CONVERSION = YES_AGGRESSIVE;
				CLANG_CXX_LANGUAGE_STANDARD = "gnu++20";
				CLANG_ENABLE_MODULES = YES;
				CLANG_ENABLE_OBJC_ARC = YES;
				CLANG_ENABLE_OBJC_WEAK = YES;
				CLANG_WARN_BLOCK_CAPTURE_AUTORELEASING = YES;
				CLANG_WARN_BOOL_CONVERSION = YES;
				CLANG_WARN_COMMA = YES;
				CLANG_WARN_CONSTANT_CONVERSION = YES;
				CLANG_WARN_DEPRECATED_OBJC_IMPLEMENTATIONS = YES;
				CLANG_WARN_DIRECT_OBJC_ISA_USAGE = YES_ERROR;
				CLANG_WARN_DOCUMENTATION_COMMENTS = YES;
				CLANG_WARN_EMPTY_BODY = YES;
				CLANG_WARN_ENUM_CONVERSION = YES;
				CLANG_WARN_INFINITE_RECURSION = YES;
				CLANG_WARN_INT_CONVERSION = YES;
				CLANG_WARN_NON_LITERAL_NULL_CONVERSION = YES;
				CLANG_WARN_OBJC_IMPLICIT_RETAIN_SELF = YES;
				CLANG_WARN_OBJC_LITERAL_CONVERSION = YES;
				CLANG_WARN_OBJC_ROOT_CLASS = YES_ERROR;
				CLANG_WARN_QUOTED_INCLUDE_IN_FRAMEWORK_HEADER = YES;
				CLANG_WARN_RANGE_LOOP_ANALYSIS = YES;
				CLANG_WARN_STRICT_PROTOTYPES = YES;
				CLANG_WARN_SUSPICIOUS_MOVE = YES;
				CLANG_WARN_UNGUARDED_AVAILABILITY = YES_AGGRESSIVE;
				CLANG_WARN_UNREACHABLE_CODE = YES;
				CLANG_WARN__DUPLICATE_METHOD_MATCH = YES;
				COPY_PHASE_STRIP = NO;
				CURRENT_PROJECT_VERSION = 1;
				DEBUG_INFORMATION_FORMAT = "dwarf-with-dsym";
				ENABLE_NS_ASSERTIONS = NO;
				ENABLE_STRICT_OBJC_MSGSEND = YES;
				ENABLE_USER_SCRIPT_SANDBOXING = YES;
				GCC_C_LANGUAGE_STANDARD = gnu17;
				GCC_NO_COMMON_BLOCKS = YES;
				GCC_WARN_64_TO_32_BIT_CONVERSION = YES;
				GCC_WARN_ABOUT_RETURN_TYPE = YES_ERROR;
				GCC_WARN_UNDECLARED_SELECTOR = YES;
				GCC_WARN_UNINITIALIZED_AUTOS = YES_AGGRESSIVE;
				GCC_WARN_UNUSED_FUNCTION = YES;
				GCC_WARN_UNUSED_VARIABLE = YES;
				LOCALIZATION_PREFERS_STRING_CATALOGS = YES;
				MACOSX_DEPLOYMENT_TARGET = 14.5;
				MTL_ENABLE_DEBUG_INFO = NO;
				MTL_FAST_MATH = YES;
				SDKROOT = macosx;
				SWIFT_COMPILATION_MODE = wholemodule;
				VERSIONING_SYSTEM = "apple-generic";
				VERSION_INFO_PREFIX = "";
			};
			name = Release;
		};
		F455FDA92C05F46C005C2E2A /* Debug */ = {
			isa = XCBuildConfiguration;
			buildSettings = {
				BUILD_LIBRARY_FOR_DISTRIBUTION = YES;
				CLANG_ENABLE_MODULES = YES;
				CODE_SIGN_STYLE = Automatic;
				COMBINE_HIDPI_IMAGES = YES;
				CURRENT_PROJECT_VERSION = 1;
				DEFINES_MODULE = NO;
				DEVELOPMENT_TEAM = SC3D86JVL3;
				DYLIB_COMPATIBILITY_VERSION = 1;
				DYLIB_CURRENT_VERSION = 1;
				DYLIB_INSTALL_NAME_BASE = "@rpath";
				ENABLE_MODULE_VERIFIER = YES;
				GENERATE_INFOPLIST_FILE = YES;
				INFOPLIST_KEY_NSHumanReadableCopyright = "";
				INSTALL_PATH = "$(LOCAL_LIBRARY_DIR)/Frameworks";
				LD_RUNPATH_SEARCH_PATHS = (
					"$(inherited)",
					"@executable_path/../Frameworks",
					"@loader_path/Frameworks",
				);
				MARKETING_VERSION = 1.0;
				MODULE_VERIFIER_SUPPORTED_LANGUAGES = "objective-c objective-c++";
				MODULE_VERIFIER_SUPPORTED_LANGUAGE_STANDARDS = "gnu17 gnu++20";
				PRODUCT_BUNDLE_IDENTIFIER = com.afsal.Articles.Articles;
				PRODUCT_NAME = "$(TARGET_NAME:c99extidentifier)";
				SKIP_INSTALL = YES;
				SWIFT_EMIT_LOC_STRINGS = YES;
				SWIFT_INSTALL_OBJC_HEADER = NO;
				SWIFT_OPTIMIZATION_LEVEL = "-Onone";
				SWIFT_VERSION = 5.0;
			};
			name = Debug;
		};
		F455FDAA2C05F46C005C2E2A /* Release */ = {
			isa = XCBuildConfiguration;
			buildSettings = {
				BUILD_LIBRARY_FOR_DISTRIBUTION = YES;
				CLANG_ENABLE_MODULES = YES;
				CODE_SIGN_STYLE = Automatic;
				COMBINE_HIDPI_IMAGES = YES;
				CURRENT_PROJECT_VERSION = 1;
				DEFINES_MODULE = NO;
				DEVELOPMENT_TEAM = SC3D86JVL3;
				DYLIB_COMPATIBILITY_VERSION = 1;
				DYLIB_CURRENT_VERSION = 1;
				DYLIB_INSTALL_NAME_BASE = "@rpath";
				ENABLE_MODULE_VERIFIER = YES;
				GENERATE_INFOPLIST_FILE = YES;
				INFOPLIST_KEY_NSHumanReadableCopyright = "";
				INSTALL_PATH = "$(LOCAL_LIBRARY_DIR)/Frameworks";
				LD_RUNPATH_SEARCH_PATHS = (
					"$(inherited)",
					"@executable_path/../Frameworks",
					"@loader_path/Frameworks",
				);
				MARKETING_VERSION = 1.0;
				MODULE_VERIFIER_SUPPORTED_LANGUAGES = "objective-c objective-c++";
				MODULE_VERIFIER_SUPPORTED_LANGUAGE_STANDARDS = "gnu17 gnu++20";
				PRODUCT_BUNDLE_IDENTIFIER = com.afsal.Articles.Articles;
				PRODUCT_NAME = "$(TARGET_NAME:c99extidentifier)";
				SKIP_INSTALL = YES;
				SWIFT_EMIT_LOC_STRINGS = YES;
				SWIFT_INSTALL_OBJC_HEADER = NO;
				SWIFT_VERSION = 5.0;
			};
			name = Release;
		};
		F455FDB72C05F4F5005C2E2A /* Debug */ = {
			isa = XCBuildConfiguration;
			buildSettings = {
				ALWAYS_EMBED_SWIFT_STANDARD_LIBRARIES = YES;
				CLANG_ENABLE_MODULES = YES;
				CODE_SIGN_STYLE = Automatic;
				CURRENT_PROJECT_VERSION = 1;
				DEVELOPMENT_TEAM = SC3D86JVL3;
				GENERATE_INFOPLIST_FILE = YES;
				MARKETING_VERSION = 1.0;
				PRODUCT_BUNDLE_IDENTIFIER = com.afsal.Articles.ArticlesTests;
				PRODUCT_NAME = "$(TARGET_NAME)";
				SWIFT_EMIT_LOC_STRINGS = NO;
				SWIFT_OPTIMIZATION_LEVEL = "-Onone";
				SWIFT_VERSION = 5.0;
			};
			name = Debug;
		};
		F455FDB82C05F4F5005C2E2A /* Release */ = {
			isa = XCBuildConfiguration;
			buildSettings = {
				ALWAYS_EMBED_SWIFT_STANDARD_LIBRARIES = YES;
				CLANG_ENABLE_MODULES = YES;
				CODE_SIGN_STYLE = Automatic;
				CURRENT_PROJECT_VERSION = 1;
				DEVELOPMENT_TEAM = SC3D86JVL3;
				GENERATE_INFOPLIST_FILE = YES;
				MARKETING_VERSION = 1.0;
				PRODUCT_BUNDLE_IDENTIFIER = com.afsal.Articles.ArticlesTests;
				PRODUCT_NAME = "$(TARGET_NAME)";
				SWIFT_EMIT_LOC_STRINGS = NO;
				SWIFT_VERSION = 5.0;
			};
			name = Release;
		};
/* End XCBuildConfiguration section */

/* Begin XCConfigurationList section */
		F455FD9B2C05F46C005C2E2A /* Build configuration list for PBXProject "Articles" */ = {
			isa = XCConfigurationList;
			buildConfigurations = (
				F455FDA62C05F46C005C2E2A /* Debug */,
				F455FDA72C05F46C005C2E2A /* Release */,
			);
			defaultConfigurationIsVisible = 0;
			defaultConfigurationName = Release;
		};
		F455FDA82C05F46C005C2E2A /* Build configuration list for PBXNativeTarget "Articles" */ = {
			isa = XCConfigurationList;
			buildConfigurations = (
				F455FDA92C05F46C005C2E2A /* Debug */,
				F455FDAA2C05F46C005C2E2A /* Release */,
			);
			defaultConfigurationIsVisible = 0;
			defaultConfigurationName = Release;
		};
		F455FDB62C05F4F5005C2E2A /* Build configuration list for PBXNativeTarget "ArticlesTests" */ = {
			isa = XCConfigurationList;
			buildConfigurations = (
				F455FDB72C05F4F5005C2E2A /* Debug */,
				F455FDB82C05F4F5005C2E2A /* Release */,
			);
			defaultConfigurationIsVisible = 0;
			defaultConfigurationName = Release;
		};
/* End XCConfigurationList section */
	};
	rootObject = F455FD982C05F46C005C2E2A /* Project object */;
}
